
Microsoft Visual Studio Solution File, Format Version 12.00
# Visual Studio Version 16
VisualStudioVersion = 16.0.30204.135
MinimumVisualStudioVersion = 10.0.40219.1
Project("{FAE04EC0-301F-11D3-BF4B-00C04F79EFBC}") = "WebApplication1", "WebApplication1\WebApplication1.csproj", "{4727C671-D2C4-4C7B-A8C9-7C34C984A74D}"
EndProject
Global
	GlobalSection(SolutionConfigurationPlatforms) = preSolution
		Debug|Any CPU = Debug|Any CPU
		Release|Any CPU = Release|Any CPU
	EndGlobalSection
	GlobalSection(ProjectConfigurationPlatforms) = postSolution
		{4727C671-D2C4-4C7B-A8C9-7C34C984A74D}.Debug|Any CPU.ActiveCfg = Debug|Any CPU
		{4727C671-D2C4-4C7B-A8C9-7C34C984A74D}.Debug|Any CPU.Build.0 = Debug|Any CPU
		{4727C671-D2C4-4C7B-A8C9-7C34C984A74D}.Release|Any CPU.ActiveCfg = Release|Any CPU
		{4727C671-D2C4-4C7B-A8C9-7C34C984A74D}.Release|Any CPU.Build.0 = Release|Any CPU
	EndGlobalSection
	GlobalSection(SolutionProperties) = preSolution
		HideSolutionNode = FALSE
	EndGlobalSection
	GlobalSection(ExtensibilityGlobals) = postSolution
		SolutionGuid = {2A68E6B9-04FC-43B4-8FCC-CABDF0C177F1}
	EndGlobalSection
EndGlobal
